// !$*UTF8*$!
{
	archiveVersion = 1;
	classes = {
	};
	objectVersion = 50;
	objects = {

/* Begin PBXBuildFile section */
		6DBFA74669CF053328A9EF5F /* Pods_Makestagram.framework in Frameworks */ = {isa = PBXBuildFile; fileRef = E219DBD9C99E0A364F231464 /* Pods_Makestagram.framework */; };
		BE365BDE20F5511A00230231 /* StorageService.swift in Sources */ = {isa = PBXBuildFile; fileRef = BE365BDD20F5511A00230231 /* StorageService.swift */; };
		BE365BE020F5537B00230231 /* PostService.swift in Sources */ = {isa = PBXBuildFile; fileRef = BE365BDF20F5537B00230231 /* PostService.swift */; };
		BE365BE220F557E100230231 /* Post.swift in Sources */ = {isa = PBXBuildFile; fileRef = BE365BE120F557E100230231 /* Post.swift */; };
		BE365BE420F56FCB00230231 /* UIImage+Size.swift in Sources */ = {isa = PBXBuildFile; fileRef = BE365BE320F56FCB00230231 /* UIImage+Size.swift */; };
		BE365BE620F570A900230231 /* StorageReference+Post.swift in Sources */ = {isa = PBXBuildFile; fileRef = BE365BE520F570A900230231 /* StorageReference+Post.swift */; };
		BE365BEB20F6746000230231 /* Home.storyboard in Resources */ = {isa = PBXBuildFile; fileRef = BE365BEA20F6746000230231 /* Home.storyboard */; };
		BE365BED20F6ABCD00230231 /* PostImageCell.swift in Sources */ = {isa = PBXBuildFile; fileRef = BE365BEC20F6ABCD00230231 /* PostImageCell.swift */; };
		BE86D87220F46A6F00BE6DA5 /* UserService.swift in Sources */ = {isa = PBXBuildFile; fileRef = BE86D87120F46A6F00BE6DA5 /* UserService.swift */; };
		BE86D87420F4751700BE6DA5 /* Constants.swift in Sources */ = {isa = PBXBuildFile; fileRef = BE86D87320F4751700BE6DA5 /* Constants.swift */; };
		BE86D87620F475D300BE6DA5 /* Storyboard+Utility.swift in Sources */ = {isa = PBXBuildFile; fileRef = BE86D87520F475D300BE6DA5 /* Storyboard+Utility.swift */; };
		BE86D87820F47CC300BE6DA5 /* HomeViewController.swift in Sources */ = {isa = PBXBuildFile; fileRef = BE86D87720F47CC300BE6DA5 /* HomeViewController.swift */; };
		BE86D87A20F47CD600BE6DA5 /* FindFriendsViewController.swift in Sources */ = {isa = PBXBuildFile; fileRef = BE86D87920F47CD600BE6DA5 /* FindFriendsViewController.swift */; };
		BE86D87C20F4903C00BE6DA5 /* MainTabBarController.swift in Sources */ = {isa = PBXBuildFile; fileRef = BE86D87B20F4903C00BE6DA5 /* MainTabBarController.swift */; };
		BE86D87E20F4943600BE6DA5 /* MGPhotoHelper.swift in Sources */ = {isa = PBXBuildFile; fileRef = BE86D87D20F4943600BE6DA5 /* MGPhotoHelper.swift */; };
		BECD5B8E20F0771E00245C92 /* AppDelegate.swift in Sources */ = {isa = PBXBuildFile; fileRef = BECD5B8D20F0771E00245C92 /* AppDelegate.swift */; };
		BECD5B9320F0771E00245C92 /* Main.storyboard in Resources */ = {isa = PBXBuildFile; fileRef = BECD5B9120F0771E00245C92 /* Main.storyboard */; };
		BECD5B9520F0772000245C92 /* Assets.xcassets in Resources */ = {isa = PBXBuildFile; fileRef = BECD5B9420F0772000245C92 /* Assets.xcassets */; };
		BECD5B9820F0772000245C92 /* LaunchScreen.storyboard in Resources */ = {isa = PBXBuildFile; fileRef = BECD5B9620F0772000245C92 /* LaunchScreen.storyboard */; };
		BECD5BA220F07C0000245C92 /* GoogleService-Info.plist in Resources */ = {isa = PBXBuildFile; fileRef = BECD5BA120F07C0000245C92 /* GoogleService-Info.plist */; };
		BECD5BAD20F0900200245C92 /* Login.storyboard in Resources */ = {isa = PBXBuildFile; fileRef = BECD5BAC20F0900200245C92 /* Login.storyboard */; };
		BECD5BAF20F090CE00245C92 /* LoginViewController.swift in Sources */ = {isa = PBXBuildFile; fileRef = BECD5BAE20F090CE00245C92 /* LoginViewController.swift */; };
		BECD5BB120F327D600245C92 /* User.swift in Sources */ = {isa = PBXBuildFile; fileRef = BECD5BB020F327D600245C92 /* User.swift */; };
		BECD5BB320F3C5EF00245C92 /* CreateUsernameViewController.swift in Sources */ = {isa = PBXBuildFile; fileRef = BECD5BB220F3C5EF00245C92 /* CreateUsernameViewController.swift */; };
/* End PBXBuildFile section */

/* Begin PBXFileReference section */
		5B6498C7F3FA782F0CFD33B7 /* Pods-Makestagram.debug.xcconfig */ = {isa = PBXFileReference; includeInIndex = 1; lastKnownFileType = text.xcconfig; name = "Pods-Makestagram.debug.xcconfig"; path = "Pods/Target Support Files/Pods-Makestagram/Pods-Makestagram.debug.xcconfig"; sourceTree = "<group>"; };
		80A19B5C3B9A4C9B7EEA4BA9 /* Pods-Makestagram.release.xcconfig */ = {isa = PBXFileReference; includeInIndex = 1; lastKnownFileType = text.xcconfig; name = "Pods-Makestagram.release.xcconfig"; path = "Pods/Target Support Files/Pods-Makestagram/Pods-Makestagram.release.xcconfig"; sourceTree = "<group>"; };
		BE365BDD20F5511A00230231 /* StorageService.swift */ = {isa = PBXFileReference; lastKnownFileType = sourcecode.swift; path = StorageService.swift; sourceTree = "<group>"; };
		BE365BDF20F5537B00230231 /* PostService.swift */ = {isa = PBXFileReference; lastKnownFileType = sourcecode.swift; path = PostService.swift; sourceTree = "<group>"; };
		BE365BE120F557E100230231 /* Post.swift */ = {isa = PBXFileReference; lastKnownFileType = sourcecode.swift; path = Post.swift; sourceTree = "<group>"; };
		BE365BE320F56FCB00230231 /* UIImage+Size.swift */ = {isa = PBXFileReference; lastKnownFileType = sourcecode.swift; path = "UIImage+Size.swift"; sourceTree = "<group>"; };
		BE365BE520F570A900230231 /* StorageReference+Post.swift */ = {isa = PBXFileReference; lastKnownFileType = sourcecode.swift; path = "StorageReference+Post.swift"; sourceTree = "<group>"; };
		BE365BEA20F6746000230231 /* Home.storyboard */ = {isa = PBXFileReference; fileEncoding = 4; lastKnownFileType = file.storyboard; path = Home.storyboard; sourceTree = "<group>"; };
		BE365BEC20F6ABCD00230231 /* PostImageCell.swift */ = {isa = PBXFileReference; lastKnownFileType = sourcecode.swift; path = PostImageCell.swift; sourceTree = "<group>"; };
		BE86D87120F46A6F00BE6DA5 /* UserService.swift */ = {isa = PBXFileReference; lastKnownFileType = sourcecode.swift; path = UserService.swift; sourceTree = "<group>"; };
		BE86D87320F4751700BE6DA5 /* Constants.swift */ = {isa = PBXFileReference; lastKnownFileType = sourcecode.swift; path = Constants.swift; sourceTree = "<group>"; };
		BE86D87520F475D300BE6DA5 /* Storyboard+Utility.swift */ = {isa = PBXFileReference; lastKnownFileType = sourcecode.swift; path = "Storyboard+Utility.swift"; sourceTree = "<group>"; };
		BE86D87720F47CC300BE6DA5 /* HomeViewController.swift */ = {isa = PBXFileReference; lastKnownFileType = sourcecode.swift; path = HomeViewController.swift; sourceTree = "<group>"; };
		BE86D87920F47CD600BE6DA5 /* FindFriendsViewController.swift */ = {isa = PBXFileReference; lastKnownFileType = sourcecode.swift; path = FindFriendsViewController.swift; sourceTree = "<group>"; };
		BE86D87B20F4903C00BE6DA5 /* MainTabBarController.swift */ = {isa = PBXFileReference; lastKnownFileType = sourcecode.swift; path = MainTabBarController.swift; sourceTree = "<group>"; };
		BE86D87D20F4943600BE6DA5 /* MGPhotoHelper.swift */ = {isa = PBXFileReference; lastKnownFileType = sourcecode.swift; path = MGPhotoHelper.swift; sourceTree = "<group>"; };
		BECD5B8A20F0771E00245C92 /* Makestagram.app */ = {isa = PBXFileReference; explicitFileType = wrapper.application; includeInIndex = 0; path = Makestagram.app; sourceTree = BUILT_PRODUCTS_DIR; };
		BECD5B8D20F0771E00245C92 /* AppDelegate.swift */ = {isa = PBXFileReference; lastKnownFileType = sourcecode.swift; path = AppDelegate.swift; sourceTree = "<group>"; };
		BECD5B9220F0771E00245C92 /* Base */ = {isa = PBXFileReference; lastKnownFileType = file.storyboard; name = Base; path = Base.lproj/Main.storyboard; sourceTree = "<group>"; };
		BECD5B9420F0772000245C92 /* Assets.xcassets */ = {isa = PBXFileReference; lastKnownFileType = folder.assetcatalog; path = Assets.xcassets; sourceTree = "<group>"; };
		BECD5B9720F0772000245C92 /* Base */ = {isa = PBXFileReference; lastKnownFileType = file.storyboard; name = Base; path = Base.lproj/LaunchScreen.storyboard; sourceTree = "<group>"; };
		BECD5B9920F0772000245C92 /* Info.plist */ = {isa = PBXFileReference; lastKnownFileType = text.plist.xml; path = Info.plist; sourceTree = "<group>"; };
		BECD5BA120F07C0000245C92 /* GoogleService-Info.plist */ = {isa = PBXFileReference; fileEncoding = 4; lastKnownFileType = text.plist.xml; path = "GoogleService-Info.plist"; sourceTree = "<group>"; };
		BECD5BAC20F0900200245C92 /* Login.storyboard */ = {isa = PBXFileReference; lastKnownFileType = file.storyboard; path = Login.storyboard; sourceTree = "<group>"; };
		BECD5BAE20F090CE00245C92 /* LoginViewController.swift */ = {isa = PBXFileReference; lastKnownFileType = sourcecode.swift; path = LoginViewController.swift; sourceTree = "<group>"; };
		BECD5BB020F327D600245C92 /* User.swift */ = {isa = PBXFileReference; lastKnownFileType = sourcecode.swift; path = User.swift; sourceTree = "<group>"; };
		BECD5BB220F3C5EF00245C92 /* CreateUsernameViewController.swift */ = {isa = PBXFileReference; lastKnownFileType = sourcecode.swift; path = CreateUsernameViewController.swift; sourceTree = "<group>"; };
		E219DBD9C99E0A364F231464 /* Pods_Makestagram.framework */ = {isa = PBXFileReference; explicitFileType = wrapper.framework; includeInIndex = 0; path = Pods_Makestagram.framework; sourceTree = BUILT_PRODUCTS_DIR; };
/* End PBXFileReference section */

/* Begin PBXFrameworksBuildPhase section */
		BECD5B8720F0771E00245C92 /* Frameworks */ = {
			isa = PBXFrameworksBuildPhase;
			buildActionMask = 2147483647;
			files = (
				6DBFA74669CF053328A9EF5F /* Pods_Makestagram.framework in Frameworks */,
			);
			runOnlyForDeploymentPostprocessing = 0;
		};
/* End PBXFrameworksBuildPhase section */

/* Begin PBXGroup section */
		1F866B84D8990833C4D53945 /* Pods */ = {
			isa = PBXGroup;
			children = (
				5B6498C7F3FA782F0CFD33B7 /* Pods-Makestagram.debug.xcconfig */,
				80A19B5C3B9A4C9B7EEA4BA9 /* Pods-Makestagram.release.xcconfig */,
			);
			name = Pods;
			sourceTree = "<group>";
		};
		5ACA22CE41D7DE153EBA5293 /* Frameworks */ = {
			isa = PBXGroup;
			children = (
				E219DBD9C99E0A364F231464 /* Pods_Makestagram.framework */,
			);
			name = Frameworks;
			sourceTree = "<group>";
		};
		BECD5B8120F0771E00245C92 = {
			isa = PBXGroup;
			children = (
				BECD5B8C20F0771E00245C92 /* Makestagram */,
				BECD5B8B20F0771E00245C92 /* Products */,
				1F866B84D8990833C4D53945 /* Pods */,
				5ACA22CE41D7DE153EBA5293 /* Frameworks */,
			);
			sourceTree = "<group>";
		};
		BECD5B8B20F0771E00245C92 /* Products */ = {
			isa = PBXGroup;
			children = (
				BECD5B8A20F0771E00245C92 /* Makestagram.app */,
			);
			name = Products;
			sourceTree = "<group>";
		};
		BECD5B8C20F0771E00245C92 /* Makestagram */ = {
			isa = PBXGroup;
			children = (
				BECD5B8D20F0771E00245C92 /* AppDelegate.swift */,
				BECD5BAB20F07F6000245C92 /* Views */,
				BECD5BAA20F07F5600245C92 /* Supporting */,
				BECD5BA920F07F4E00245C92 /* Storyboards */,
				BECD5BA820F07F4400245C92 /* Services */,
				BECD5BA720F07F3E00245C92 /* Models */,
				BECD5BA620F07F3600245C92 /* Helpers */,
				BECD5BA520F07F3000245C92 /* Extensions */,
				BECD5BA320F07F0E00245C92 /* Controllers */,
				BECD5B9420F0772000245C92 /* Assets.xcassets */,
			);
			path = Makestagram;
			sourceTree = "<group>";
		};
		BECD5BA320F07F0E00245C92 /* Controllers */ = {
			isa = PBXGroup;
			children = (
				BECD5BAE20F090CE00245C92 /* LoginViewController.swift */,
				BECD5BB220F3C5EF00245C92 /* CreateUsernameViewController.swift */,
				BE86D87720F47CC300BE6DA5 /* HomeViewController.swift */,
				BE86D87920F47CD600BE6DA5 /* FindFriendsViewController.swift */,
				BE86D87B20F4903C00BE6DA5 /* MainTabBarController.swift */,
			);
			path = Controllers;
			sourceTree = "<group>";
		};
		BECD5BA520F07F3000245C92 /* Extensions */ = {
			isa = PBXGroup;
			children = (
				BE86D87520F475D300BE6DA5 /* Storyboard+Utility.swift */,
				BE365BE320F56FCB00230231 /* UIImage+Size.swift */,
				BE365BE520F570A900230231 /* StorageReference+Post.swift */,
			);
			path = Extensions;
			sourceTree = "<group>";
		};
		BECD5BA620F07F3600245C92 /* Helpers */ = {
			isa = PBXGroup;
			children = (
				BE86D87D20F4943600BE6DA5 /* MGPhotoHelper.swift */,
			);
			path = Helpers;
			sourceTree = "<group>";
		};
		BECD5BA720F07F3E00245C92 /* Models */ = {
			isa = PBXGroup;
			children = (
				BECD5BB020F327D600245C92 /* User.swift */,
				BE365BE120F557E100230231 /* Post.swift */,
			);
			path = Models;
			sourceTree = "<group>";
		};
		BECD5BA820F07F4400245C92 /* Services */ = {
			isa = PBXGroup;
			children = (
				BE86D87120F46A6F00BE6DA5 /* UserService.swift */,
				BE365BDD20F5511A00230231 /* StorageService.swift */,
				BE365BDF20F5537B00230231 /* PostService.swift */,
			);
			path = Services;
			sourceTree = "<group>";
		};
		BECD5BA920F07F4E00245C92 /* Storyboards */ = {
			isa = PBXGroup;
			children = (
				BE365BEA20F6746000230231 /* Home.storyboard */,
				BECD5B9620F0772000245C92 /* LaunchScreen.storyboard */,
				BECD5B9120F0771E00245C92 /* Main.storyboard */,
				BECD5BAC20F0900200245C92 /* Login.storyboard */,
			);
			path = Storyboards;
			sourceTree = "<group>";
		};
		BECD5BAA20F07F5600245C92 /* Supporting */ = {
			isa = PBXGroup;
			children = (
				BECD5BA120F07C0000245C92 /* GoogleService-Info.plist */,
				BECD5B9920F0772000245C92 /* Info.plist */,
				BE86D87320F4751700BE6DA5 /* Constants.swift */,
			);
			path = Supporting;
			sourceTree = "<group>";
		};
		BECD5BAB20F07F6000245C92 /* Views */ = {
			isa = PBXGroup;
			children = (
				BE365BEC20F6ABCD00230231 /* PostImageCell.swift */,
			);
			path = Views;
			sourceTree = "<group>";
		};
/* End PBXGroup section */

/* Begin PBXNativeTarget section */
		BECD5B8920F0771E00245C92 /* Makestagram */ = {
			isa = PBXNativeTarget;
			buildConfigurationList = BECD5B9C20F0772000245C92 /* Build configuration list for PBXNativeTarget "Makestagram" */;
			buildPhases = (
				84E24F52787B77732D294B71 /* [CP] Check Pods Manifest.lock */,
				BECD5B8620F0771E00245C92 /* Sources */,
				BECD5B8720F0771E00245C92 /* Frameworks */,
				BECD5B8820F0771E00245C92 /* Resources */,
				FC0B8F4C89018F6D49726874 /* [CP] Embed Pods Frameworks */,
				6116339F4D65E6BE74E6208E /* [CP] Copy Pods Resources */,
			);
			buildRules = (
			);
			dependencies = (
			);
			name = Makestagram;
			productName = Makestagram;
			productReference = BECD5B8A20F0771E00245C92 /* Makestagram.app */;
			productType = "com.apple.product-type.application";
		};
/* End PBXNativeTarget section */

/* Begin PBXProject section */
		BECD5B8220F0771E00245C92 /* Project object */ = {
			isa = PBXProject;
			attributes = {
				LastSwiftUpdateCheck = 0940;
				LastUpgradeCheck = 0940;
				ORGANIZATIONNAME = "Daniel Harris";
				TargetAttributes = {
					BECD5B8920F0771E00245C92 = {
						CreatedOnToolsVersion = 9.4.1;
					};
				};
			};
			buildConfigurationList = BECD5B8520F0771E00245C92 /* Build configuration list for PBXProject "Makestagram" */;
			compatibilityVersion = "Xcode 9.3";
			developmentRegion = en;
			hasScannedForEncodings = 0;
			knownRegions = (
				en,
				Base,
			);
			mainGroup = BECD5B8120F0771E00245C92;
			productRefGroup = BECD5B8B20F0771E00245C92 /* Products */;
			projectDirPath = "";
			projectRoot = "";
			targets = (
				BECD5B8920F0771E00245C92 /* Makestagram */,
			);
		};
/* End PBXProject section */

/* Begin PBXResourcesBuildPhase section */
		BECD5B8820F0771E00245C92 /* Resources */ = {
			isa = PBXResourcesBuildPhase;
			buildActionMask = 2147483647;
			files = (
				BECD5B9820F0772000245C92 /* LaunchScreen.storyboard in Resources */,
				BECD5BA220F07C0000245C92 /* GoogleService-Info.plist in Resources */,
				BECD5B9520F0772000245C92 /* Assets.xcassets in Resources */,
				BE365BEB20F6746000230231 /* Home.storyboard in Resources */,
				BECD5BAD20F0900200245C92 /* Login.storyboard in Resources */,
				BECD5B9320F0771E00245C92 /* Main.storyboard in Resources */,
			);
			runOnlyForDeploymentPostprocessing = 0;
		};
/* End PBXResourcesBuildPhase section */

/* Begin PBXShellScriptBuildPhase section */
		6116339F4D65E6BE74E6208E /* [CP] Copy Pods Resources */ = {
			isa = PBXShellScriptBuildPhase;
			buildActionMask = 2147483647;
			files = (
			);
			inputPaths = (
				"${SRCROOT}/Pods/Target Support Files/Pods-Makestagram/Pods-Makestagram-resources.sh",
				"${PODS_CONFIGURATION_BUILD_DIR}/FirebaseUI/FirebaseAuthUI.bundle",
			);
			name = "[CP] Copy Pods Resources";
			outputPaths = (
				"${TARGET_BUILD_DIR}/${UNLOCALIZED_RESOURCES_FOLDER_PATH}/FirebaseAuthUI.bundle",
			);
			runOnlyForDeploymentPostprocessing = 0;
			shellPath = /bin/sh;
			shellScript = "\"${SRCROOT}/Pods/Target Support Files/Pods-Makestagram/Pods-Makestagram-resources.sh\"\n";
			showEnvVarsInLog = 0;
		};
		84E24F52787B77732D294B71 /* [CP] Check Pods Manifest.lock */ = {
			isa = PBXShellScriptBuildPhase;
			buildActionMask = 2147483647;
			files = (
			);
			inputPaths = (
				"${PODS_PODFILE_DIR_PATH}/Podfile.lock",
				"${PODS_ROOT}/Manifest.lock",
			);
			name = "[CP] Check Pods Manifest.lock";
			outputPaths = (
				"$(DERIVED_FILE_DIR)/Pods-Makestagram-checkManifestLockResult.txt",
			);
			runOnlyForDeploymentPostprocessing = 0;
			shellPath = /bin/sh;
			shellScript = "diff \"${PODS_PODFILE_DIR_PATH}/Podfile.lock\" \"${PODS_ROOT}/Manifest.lock\" > /dev/null\nif [ $? != 0 ] ; then\n    # print error to STDERR\n    echo \"error: The sandbox is not in sync with the Podfile.lock. Run 'pod install' or update your CocoaPods installation.\" >&2\n    exit 1\nfi\n# This output is used by Xcode 'outputs' to avoid re-running this script phase.\necho \"SUCCESS\" > \"${SCRIPT_OUTPUT_FILE_0}\"\n";
			showEnvVarsInLog = 0;
		};
		FC0B8F4C89018F6D49726874 /* [CP] Embed Pods Frameworks */ = {
			isa = PBXShellScriptBuildPhase;
			buildActionMask = 2147483647;
			files = (
			);
			inputPaths = (
				"${SRCROOT}/Pods/Target Support Files/Pods-Makestagram/Pods-Makestagram-frameworks.sh",
				"${BUILT_PRODUCTS_DIR}/GTMSessionFetcher/GTMSessionFetcher.framework",
				"${BUILT_PRODUCTS_DIR}/GoogleToolboxForMac/GoogleToolboxForMac.framework",
				"${BUILT_PRODUCTS_DIR}/Kingfisher/Kingfisher.framework",
				"${BUILT_PRODUCTS_DIR}/leveldb-library/leveldb.framework",
				"${BUILT_PRODUCTS_DIR}/nanopb/nanopb.framework",
			);
			name = "[CP] Embed Pods Frameworks";
			outputPaths = (
				"${TARGET_BUILD_DIR}/${FRAMEWORKS_FOLDER_PATH}/GTMSessionFetcher.framework",
				"${TARGET_BUILD_DIR}/${FRAMEWORKS_FOLDER_PATH}/GoogleToolboxForMac.framework",
				"${TARGET_BUILD_DIR}/${FRAMEWORKS_FOLDER_PATH}/Kingfisher.framework",
				"${TARGET_BUILD_DIR}/${FRAMEWORKS_FOLDER_PATH}/leveldb.framework",
				"${TARGET_BUILD_DIR}/${FRAMEWORKS_FOLDER_PATH}/nanopb.framework",
			);
			runOnlyForDeploymentPostprocessing = 0;
			shellPath = /bin/sh;
			shellScript = "\"${SRCROOT}/Pods/Target Support Files/Pods-Makestagram/Pods-Makestagram-frameworks.sh\"\n";
			showEnvVarsInLog = 0;
		};
/* End PBXShellScriptBuildPhase section */

/* Begin PBXSourcesBuildPhase section */
		BECD5B8620F0771E00245C92 /* Sources */ = {
			isa = PBXSourcesBuildPhase;
			buildActionMask = 2147483647;
			files = (
				BECD5BB120F327D600245C92 /* User.swift in Sources */,
				BE365BDE20F5511A00230231 /* StorageService.swift in Sources */,
				BECD5BAF20F090CE00245C92 /* LoginViewController.swift in Sources */,
				BE86D87C20F4903C00BE6DA5 /* MainTabBarController.swift in Sources */,
				BE86D87220F46A6F00BE6DA5 /* UserService.swift in Sources */,
				BE365BE220F557E100230231 /* Post.swift in Sources */,
				BE365BED20F6ABCD00230231 /* PostImageCell.swift in Sources */,
				BE365BE420F56FCB00230231 /* UIImage+Size.swift in Sources */,
				BE86D87820F47CC300BE6DA5 /* HomeViewController.swift in Sources */,
				BE86D87E20F4943600BE6DA5 /* MGPhotoHelper.swift in Sources */,
				BE86D87620F475D300BE6DA5 /* Storyboard+Utility.swift in Sources */,
				BE86D87A20F47CD600BE6DA5 /* FindFriendsViewController.swift in Sources */,
				BE365BE620F570A900230231 /* StorageReference+Post.swift in Sources */,
				BE86D87420F4751700BE6DA5 /* Constants.swift in Sources */,
				BE365BE020F5537B00230231 /* PostService.swift in Sources */,
				BECD5BB320F3C5EF00245C92 /* CreateUsernameViewController.swift in Sources */,
				BECD5B8E20F0771E00245C92 /* AppDelegate.swift in Sources */,
			);
			runOnlyForDeploymentPostprocessing = 0;
		};
/* End PBXSourcesBuildPhase section */

/* Begin PBXVariantGroup section */
		BECD5B9120F0771E00245C92 /* Main.storyboard */ = {
			isa = PBXVariantGroup;
			children = (
				BECD5B9220F0771E00245C92 /* Base */,
			);
			name = Main.storyboard;
			sourceTree = "<group>";
		};
		BECD5B9620F0772000245C92 /* LaunchScreen.storyboard */ = {
			isa = PBXVariantGroup;
			children = (
				BECD5B9720F0772000245C92 /* Base */,
			);
			name = LaunchScreen.storyboard;
			sourceTree = "<group>";
		};
/* End PBXVariantGroup section */

/* Begin XCBuildConfiguration section */
		BECD5B9A20F0772000245C92 /* Debug */ = {
			isa = XCBuildConfiguration;
			buildSettings = {
				ALWAYS_SEARCH_USER_PATHS = NO;
				CLANG_ANALYZER_NONNULL = YES;
				CLANG_ANALYZER_NUMBER_OBJECT_CONVERSION = YES_AGGRESSIVE;
				CLANG_CXX_LANGUAGE_STANDARD = "gnu++14";
				CLANG_CXX_LIBRARY = "libc++";
				CLANG_ENABLE_MODULES = YES;
				CLANG_ENABLE_OBJC_ARC = YES;
				CLANG_ENABLE_OBJC_WEAK = YES;
				CLANG_WARN_BLOCK_CAPTURE_AUTORELEASING = YES;
				CLANG_WARN_BOOL_CONVERSION = YES;
				CLANG_WARN_COMMA = YES;
				CLANG_WARN_CONSTANT_CONVERSION = YES;
				CLANG_WARN_DEPRECATED_OBJC_IMPLEMENTATIONS = YES;
				CLANG_WARN_DIRECT_OBJC_ISA_USAGE = YES_ERROR;
				CLANG_WARN_DOCUMENTATION_COMMENTS = YES;
				CLANG_WARN_EMPTY_BODY = YES;
				CLANG_WARN_ENUM_CONVERSION = YES;
				CLANG_WARN_INFINITE_RECURSION = YES;
				CLANG_WARN_INT_CONVERSION = YES;
				CLANG_WARN_NON_LITERAL_NULL_CONVERSION = YES;
				CLANG_WARN_OBJC_IMPLICIT_RETAIN_SELF = YES;
				CLANG_WARN_OBJC_LITERAL_CONVERSION = YES;
				CLANG_WARN_OBJC_ROOT_CLASS = YES_ERROR;
				CLANG_WARN_RANGE_LOOP_ANALYSIS = YES;
				CLANG_WARN_STRICT_PROTOTYPES = YES;
				CLANG_WARN_SUSPICIOUS_MOVE = YES;
				CLANG_WARN_UNGUARDED_AVAILABILITY = YES_AGGRESSIVE;
				CLANG_WARN_UNREACHABLE_CODE = YES;
				CLANG_WARN__DUPLICATE_METHOD_MATCH = YES;
				CODE_SIGN_IDENTITY = "iPhone Developer";
				COPY_PHASE_STRIP = NO;
				DEBUG_INFORMATION_FORMAT = dwarf;
				ENABLE_STRICT_OBJC_MSGSEND = YES;
				ENABLE_TESTABILITY = YES;
				GCC_C_LANGUAGE_STANDARD = gnu11;
				GCC_DYNAMIC_NO_PIC = NO;
				GCC_NO_COMMON_BLOCKS = YES;
				GCC_OPTIMIZATION_LEVEL = 0;
				GCC_PREPROCESSOR_DEFINITIONS = (
					"DEBUG=1",
					"$(inherited)",
				);
				GCC_WARN_64_TO_32_BIT_CONVERSION = YES;
				GCC_WARN_ABOUT_RETURN_TYPE = YES_ERROR;
				GCC_WARN_UNDECLARED_SELECTOR = YES;
				GCC_WARN_UNINITIALIZED_AUTOS = YES_AGGRESSIVE;
				GCC_WARN_UNUSED_FUNCTION = YES;
				GCC_WARN_UNUSED_VARIABLE = YES;
				IPHONEOS_DEPLOYMENT_TARGET = 11.4;
				MTL_ENABLE_DEBUG_INFO = YES;
				ONLY_ACTIVE_ARCH = YES;
				SDKROOT = iphoneos;
				SWIFT_ACTIVE_COMPILATION_CONDITIONS = DEBUG;
				SWIFT_OPTIMIZATION_LEVEL = "-Onone";
			};
			name = Debug;
		};
		BECD5B9B20F0772000245C92 /* Release */ = {
			isa = XCBuildConfiguration;
			buildSettings = {
				ALWAYS_SEARCH_USER_PATHS = NO;
				CLANG_ANALYZER_NONNULL = YES;
				CLANG_ANALYZER_NUMBER_OBJECT_CONVERSION = YES_AGGRESSIVE;
				CLANG_CXX_LANGUAGE_STANDARD = "gnu++14";
				CLANG_CXX_LIBRARY = "libc++";
				CLANG_ENABLE_MODULES = YES;
				CLANG_ENABLE_OBJC_ARC = YES;
				CLANG_ENABLE_OBJC_WEAK = YES;
				CLANG_WARN_BLOCK_CAPTURE_AUTORELEASING = YES;
				CLANG_WARN_BOOL_CONVERSION = YES;
				CLANG_WARN_COMMA = YES;
				CLANG_WARN_CONSTANT_CONVERSION = YES;
				CLANG_WARN_DEPRECATED_OBJC_IMPLEMENTATIONS = YES;
				CLANG_WARN_DIRECT_OBJC_ISA_USAGE = YES_ERROR;
				CLANG_WARN_DOCUMENTATION_COMMENTS = YES;
				CLANG_WARN_EMPTY_BODY = YES;
				CLANG_WARN_ENUM_CONVERSION = YES;
				CLANG_WARN_INFINITE_RECURSION = YES;
				CLANG_WARN_INT_CONVERSION = YES;
				CLANG_WARN_NON_LITERAL_NULL_CONVERSION = YES;
				CLANG_WARN_OBJC_IMPLICIT_RETAIN_SELF = YES;
				CLANG_WARN_OBJC_LITERAL_CONVERSION = YES;
				CLANG_WARN_OBJC_ROOT_CLASS = YES_ERROR;
				CLANG_WARN_RANGE_LOOP_ANALYSIS = YES;
				CLANG_WARN_STRICT_PROTOTYPES = YES;
				CLANG_WARN_SUSPICIOUS_MOVE = YES;
				CLANG_WARN_UNGUARDED_AVAILABILITY = YES_AGGRESSIVE;
				CLANG_WARN_UNREACHABLE_CODE = YES;
				CLANG_WARN__DUPLICATE_METHOD_MATCH = YES;
				CODE_SIGN_IDENTITY = "iPhone Developer";
				COPY_PHASE_STRIP = NO;
				DEBUG_INFORMATION_FORMAT = "dwarf-with-dsym";
				ENABLE_NS_ASSERTIONS = NO;
				ENABLE_STRICT_OBJC_MSGSEND = YES;
				GCC_C_LANGUAGE_STANDARD = gnu11;
				GCC_NO_COMMON_BLOCKS = YES;
				GCC_WARN_64_TO_32_BIT_CONVERSION = YES;
				GCC_WARN_ABOUT_RETURN_TYPE = YES_ERROR;
				GCC_WARN_UNDECLARED_SELECTOR = YES;
				GCC_WARN_UNINITIALIZED_AUTOS = YES_AGGRESSIVE;
				GCC_WARN_UNUSED_FUNCTION = YES;
				GCC_WARN_UNUSED_VARIABLE = YES;
				IPHONEOS_DEPLOYMENT_TARGET = 11.4;
				MTL_ENABLE_DEBUG_INFO = NO;
				SDKROOT = iphoneos;
				SWIFT_COMPILATION_MODE = wholemodule;
				SWIFT_OPTIMIZATION_LEVEL = "-O";
				VALIDATE_PRODUCT = YES;
			};
			name = Release;
		};
		BECD5B9D20F0772000245C92 /* Debug */ = {
			isa = XCBuildConfiguration;
			baseConfigurationReference = 5B6498C7F3FA782F0CFD33B7 /* Pods-Makestagram.debug.xcconfig */;
			buildSettings = {
				ASSETCATALOG_COMPILER_APPICON_NAME = AppIcon;
				CODE_SIGN_STYLE = Automatic;
				INFOPLIST_FILE = "$(SRCROOT)/Makestagram/Supporting/Info.plist";
				LD_RUNPATH_SEARCH_PATHS = (
					"$(inherited)",
					"@executable_path/Frameworks",
				);
				PRODUCT_BUNDLE_IDENTIFIER = com.danielharris.Makestagram;
				PRODUCT_NAME = "$(TARGET_NAME)";
				SWIFT_VERSION = 4.0;
				TARGETED_DEVICE_FAMILY = "1,2";
			};
			name = Debug;
		};
		BECD5B9E20F0772000245C92 /* Release */ = {
			isa = XCBuildConfiguration;
			baseConfigurationReference = 80A19B5C3B9A4C9B7EEA4BA9 /* Pods-Makestagram.release.xcconfig */;
			buildSettings = {
				ASSETCATALOG_COMPILER_APPICON_NAME = AppIcon;
				CODE_SIGN_STYLE = Automatic;
				INFOPLIST_FILE = "$(SRCROOT)/Makestagram/Supporting/Info.plist";
				LD_RUNPATH_SEARCH_PATHS = (
					"$(inherited)",
					"@executable_path/Frameworks",
				);
				PRODUCT_BUNDLE_IDENTIFIER = com.danielharris.Makestagram;
				PRODUCT_NAME = "$(TARGET_NAME)";
				SWIFT_VERSION = 4.0;
				TARGETED_DEVICE_FAMILY = "1,2";
			};
			name = Release;
		};
/* End XCBuildConfiguration section */

/* Begin XCConfigurationList section */
		BECD5B8520F0771E00245C92 /* Build configuration list for PBXProject "Makestagram" */ = {
			isa = XCConfigurationList;
			buildConfigurations = (
				BECD5B9A20F0772000245C92 /* Debug */,
				BECD5B9B20F0772000245C92 /* Release */,
			);
			defaultConfigurationIsVisible = 0;
			defaultConfigurationName = Release;
		};
		BECD5B9C20F0772000245C92 /* Build configuration list for PBXNativeTarget "Makestagram" */ = {
			isa = XCConfigurationList;
			buildConfigurations = (
				BECD5B9D20F0772000245C92 /* Debug */,
				BECD5B9E20F0772000245C92 /* Release */,
			);
			defaultConfigurationIsVisible = 0;
			defaultConfigurationName = Release;
		};
/* End XCConfigurationList section */
	};
	rootObject = BECD5B8220F0771E00245C92 /* Project object */;
}
